
Microsoft Visual Studio Solution File, Format Version 12.00
# Visual Studio Version 16
VisualStudioVersion = 16.0.30204.135
MinimumVisualStudioVersion = 10.0.40219.1
Project("{9A19103F-16F7-4668-BE54-9A1E7A4F7556}") = "Perl Test", "PerlTest\Perl Test.csproj", "{B1205767-041B-46B1-AAC5-3FF06C4E2CE0}"
EndProject
Global
	GlobalSection(SolutionConfigurationPlatforms) = preSolution
		Debug|Any CPU = Debug|Any CPU
		Release|Any CPU = Release|Any CPU
	EndGlobalSection
	GlobalSection(ProjectConfigurationPlatforms) = postSolution
		{B1205767-041B-46B1-AAC5-3FF06C4E2CE0}.Debug|Any CPU.ActiveCfg = Debug|Any CPU
		{B1205767-041B-46B1-AAC5-3FF06C4E2CE0}.Debug|Any CPU.Build.0 = Debug|Any CPU
		{B1205767-041B-46B1-AAC5-3FF06C4E2CE0}.Release|Any CPU.ActiveCfg = Release|Any CPU
		{B1205767-041B-46B1-AAC5-3FF06C4E2CE0}.Release|Any CPU.Build.0 = Release|Any CPU
	EndGlobalSection
	GlobalSection(SolutionProperties) = preSolution
		HideSolutionNode = FALSE
	EndGlobalSection
	GlobalSection(ExtensibilityGlobals) = postSolution
		SolutionGuid = {7DE70AC4-A102-4918-9379-835CE01E155B}
	EndGlobalSection
EndGlobal
